
Microsoft Visual Studio Solution File, Format Version 12.00
# Visual Studio 15
Project("{FAE04EC0-301F-11D3-BF4B-00C04F79EFBC}") = "Unity.RenderPipelines.Core.Runtime", "Unity.RenderPipelines.Core.Runtime.csproj", "{9E334670-562D-2370-7368-1036A6963DAD}"
EndProject
Project("{FAE04EC0-301F-11D3-BF4B-00C04F79EFBC}") = "UnityEngine.TestRunner", "UnityEngine.TestRunner.csproj", "{3005F583-486D-5974-8047-1150242016AE}"
EndProject
Project("{FAE04EC0-301F-11D3-BF4B-00C04F79EFBC}") = "Unity.Mathematics", "Unity.Mathematics.csproj", "{77BA05F8-6ED3-2306-B10F-F7DBC8AE19A3}"
EndProject
Project("{FAE04EC0-301F-11D3-BF4B-00C04F79EFBC}") = "Unity.RenderPipelines.Universal.Runtime", "Unity.RenderPipelines.Universal.Runtime.csproj", "{397228D5-3437-96ED-D9EF-17265FF1D1E3}"
EndProject
Project("{FAE04EC0-301F-11D3-BF4B-00C04F79EFBC}") = "UnityEngine.XR.LegacyInputHelpers", "UnityEngine.XR.LegacyInputHelpers.csproj", "{BAF087B6-DC95-6A9D-77B7-DCF60A858A0C}"
EndProject
Project("{FAE04EC0-301F-11D3-BF4B-00C04F79EFBC}") = "Unity.Burst", "Unity.Burst.csproj", "{235DDC00-B5C2-6F30-280D-D6C22E53ABB5}"
EndProject
Project("{FAE04EC0-301F-11D3-BF4B-00C04F79EFBC}") = "Unity.2D.Animation.Runtime", "Unity.2D.Animation.Runtime.csproj", "{35A3936B-5EFF-91A6-C98F-8352A9FF5CFA}"
EndProject
Project("{FAE04EC0-301F-11D3-BF4B-00C04F79EFBC}") = "Unity.TextMeshPro", "Unity.TextMeshPro.csproj", "{965764E7-F810-92BA-58DA-E58E4818704C}"
EndProject
Project("{FAE04EC0-301F-11D3-BF4B-00C04F79EFBC}") = "Unity.Timeline", "Unity.Timeline.csproj", "{B92DEA6C-B496-17AD-BD15-5DBE649DC236}"
EndProject
Project("{FAE04EC0-301F-11D3-BF4B-00C04F79EFBC}") = "Unity.Collections", "Unity.Collections.csproj", "{AE18B394-6BA5-48CD-B6D5-F394C36C7178}"
EndProject
Project("{FAE04EC0-301F-11D3-BF4B-00C04F79EFBC}") = "Unity.Postprocessing.Runtime", "Unity.Postprocessing.Runtime.csproj", "{3D46AC88-AA1F-20C0-F3BC-CB5C8356B467}"
EndProject
Project("{FAE04EC0-301F-11D3-BF4B-00C04F79EFBC}") = "Assembly-CSharp", "Assembly-CSharp.csproj", "{14B994C3-F304-6589-6403-10A88EA527BB}"
EndProject
Project("{FAE04EC0-301F-11D3-BF4B-00C04F79EFBC}") = "Unity.PerformanceTesting", "Unity.PerformanceTesting.csproj", "{F35C2511-D84C-F536-8459-25D9653DA255}"
EndProject
Project("{FAE04EC0-301F-11D3-BF4B-00C04F79EFBC}") = "Unity.2D.Animation.Triangle.Runtime", "Unity.2D.Animation.Triangle.Runtime.csproj", "{FCF16812-F619-048A-7FD8-F30565106813}"
EndProject
Project("{FAE04EC0-301F-11D3-BF4B-00C04F79EFBC}") = "com.unity.multiplayer-hlapi.Runtime", "com.unity.multiplayer-hlapi.Runtime.csproj", "{B0B0E922-367A-7A40-4A57-36F142A6E64B}"
EndProject
Project("{FAE04EC0-301F-11D3-BF4B-00C04F79EFBC}") = "Unity.2D.IK.Runtime", "Unity.2D.IK.Runtime.csproj", "{54B6A482-32C7-133A-DA97-41387207E569}"
EndProject
Project("{FAE04EC0-301F-11D3-BF4B-00C04F79EFBC}") = "Unity.Jobs", "Unity.Jobs.csproj", "{91C05646-9B86-E287-C089-0DCDDD96323F}"
EndProject
Project("{FAE04EC0-301F-11D3-BF4B-00C04F79EFBC}") = "Unity.2D.Common.Runtime", "Unity.2D.Common.Runtime.csproj", "{0446665E-5A5D-13AE-B5DE-090B97E51D54}"
EndProject
Project("{FAE04EC0-301F-11D3-BF4B-00C04F79EFBC}") = "Unity.RenderPipelines.Core.ShaderLibrary", "Unity.RenderPipelines.Core.ShaderLibrary.csproj", "{80C016B0-315A-CEFC-1E27-818A379246EA}"
EndProject
Project("{FAE04EC0-301F-11D3-BF4B-00C04F79EFBC}") = "Unity.InternalAPIEngineBridge.001", "Unity.InternalAPIEngineBridge.001.csproj", "{6F4E6FA9-8491-499C-50C1-3D74E1301FF7}"
EndProject
Project("{FAE04EC0-301F-11D3-BF4B-00C04F79EFBC}") = "Unity.Analytics.DataPrivacy", "Unity.Analytics.DataPrivacy.csproj", "{7045DCE5-CA4B-8E3A-7D02-AF0B0BF9D9CB}"
EndProject
Project("{FAE04EC0-301F-11D3-BF4B-00C04F79EFBC}") = "UnityEngine.SpatialTracking", "UnityEngine.SpatialTracking.csproj", "{29E1957A-708C-0FC7-CCCE-BCB21EF74870}"
EndProject
Project("{FAE04EC0-301F-11D3-BF4B-00C04F79EFBC}") = "Unity.RenderPipeline.Universal.ShaderLibrary", "Unity.RenderPipeline.Universal.ShaderLibrary.csproj", "{FB7875A4-FE0F-3E89-4375-60C24881F169}"
EndProject
Project("{FAE04EC0-301F-11D3-BF4B-00C04F79EFBC}") = "Unity.RenderPipelines.Universal.Shaders", "Unity.RenderPipelines.Universal.Shaders.csproj", "{F97B0D69-AACC-0349-B744-529D728DFCB7}"
EndProject
Project("{FAE04EC0-301F-11D3-BF4B-00C04F79EFBC}") = "Unity.RenderPipelines.ShaderGraph.ShaderGraphLibrary", "Unity.RenderPipelines.ShaderGraph.ShaderGraphLibrary.csproj", "{0C91B596-6171-66CC-C02C-19DAEB489728}"
EndProject
Project("{FAE04EC0-301F-11D3-BF4B-00C04F79EFBC}") = "Unity.PlasticSCM.Editor", "Unity.PlasticSCM.Editor.csproj", "{AE8FE33D-42E9-F540-928B-05E105F27751}"
EndProject
Project("{FAE04EC0-301F-11D3-BF4B-00C04F79EFBC}") = "Unity.ShaderGraph.Editor", "Unity.ShaderGraph.Editor.csproj", "{390CAADE-603D-2566-E677-4019A5B3CE41}"
EndProject
Project("{FAE04EC0-301F-11D3-BF4B-00C04F79EFBC}") = "Unity.VisualStudio.Editor", "Unity.VisualStudio.Editor.csproj", "{F8356E8D-C82A-69E3-D701-0C89C86E3D41}"
EndProject
Project("{FAE04EC0-301F-11D3-BF4B-00C04F79EFBC}") = "Unity.Timeline.Editor", "Unity.Timeline.Editor.csproj", "{4DADADCD-F5A5-5CEF-604E-A0AFA7790E0E}"
EndProject
Project("{FAE04EC0-301F-11D3-BF4B-00C04F79EFBC}") = "Unity.TextMeshPro.Editor", "Unity.TextMeshPro.Editor.csproj", "{A383A829-8F6B-9446-1F86-A1C2CF0B6253}"
EndProject
Project("{FAE04EC0-301F-11D3-BF4B-00C04F79EFBC}") = "Unity.2D.Animation.Editor", "Unity.2D.Animation.Editor.csproj", "{39AEA5F3-7E35-A607-5186-D3A04D5802BF}"
EndProject
Project("{FAE04EC0-301F-11D3-BF4B-00C04F79EFBC}") = "Unity.CollabProxy.Editor", "Unity.CollabProxy.Editor.csproj", "{8A8D6CCA-2935-B328-BFAF-F31B53F52BAA}"
EndProject
Project("{FAE04EC0-301F-11D3-BF4B-00C04F79EFBC}") = "Unity.Postprocessing.Editor", "Unity.Postprocessing.Editor.csproj", "{B0CEE542-55C8-B62D-13BE-8A7FAAD6CDFA}"
EndProject
Project("{FAE04EC0-301F-11D3-BF4B-00C04F79EFBC}") = "UnityEditor.TestRunner", "UnityEditor.TestRunner.csproj", "{0B0CBBA1-1B5B-3900-4368-C08D3B326B08}"
EndProject
Project("{FAE04EC0-301F-11D3-BF4B-00C04F79EFBC}") = "Unity.Rider.Editor", "Unity.Rider.Editor.csproj", "{5695DCA2-273A-263D-752F-832F9A332423}"
EndProject
Project("{FAE04EC0-301F-11D3-BF4B-00C04F79EFBC}") = "Unity.RenderPipelines.Universal.Editor", "Unity.RenderPipelines.Universal.Editor.csproj", "{6791EF63-0C13-2E9C-58AC-381B984EC384}"
EndProject
Project("{FAE04EC0-301F-11D3-BF4B-00C04F79EFBC}") = "Unity.PerformanceTesting.Editor", "Unity.PerformanceTesting.Editor.csproj", "{C8FF4CEE-9923-69DF-3EBF-B61A1E00DD75}"
EndProject
Project("{FAE04EC0-301F-11D3-BF4B-00C04F79EFBC}") = "com.unity.multiplayer-hlapi.Editor", "com.unity.multiplayer-hlapi.Editor.csproj", "{769A03BD-E0EB-BB15-519C-6239BC931D92}"
EndProject
Project("{FAE04EC0-301F-11D3-BF4B-00C04F79EFBC}") = "Unity.RenderPipelines.Core.Editor", "Unity.RenderPipelines.Core.Editor.csproj", "{D57BDDB7-0768-4BAA-42F8-EE6DF2EF6FDD}"
EndProject
Project("{FAE04EC0-301F-11D3-BF4B-00C04F79EFBC}") = "Unity.2D.IK.Editor", "Unity.2D.IK.Editor.csproj", "{6D185D0D-363F-61FC-FD01-C07CC5CDA431}"
EndProject
Project("{FAE04EC0-301F-11D3-BF4B-00C04F79EFBC}") = "Unity.Searcher.Editor", "Unity.Searcher.Editor.csproj", "{647EC84C-600D-ED86-C66A-F6911A21DC11}"
EndProject
Project("{FAE04EC0-301F-11D3-BF4B-00C04F79EFBC}") = "Unity.Burst.Editor", "Unity.Burst.Editor.csproj", "{3D4BE64C-9946-1837-0EBE-65CC8DF4BB86}"
EndProject
Project("{FAE04EC0-301F-11D3-BF4B-00C04F79EFBC}") = "Unity.SysrootPackage.Editor", "Unity.SysrootPackage.Editor.csproj", "{0DDAEFAF-D581-4E53-0370-2E6E6B746995}"
EndProject
Project("{FAE04EC0-301F-11D3-BF4B-00C04F79EFBC}") = "com.unity.multiplayer-weaver.Editor", "com.unity.multiplayer-weaver.Editor.csproj", "{FD7FF6A1-7C0A-41CF-B839-83FEDA4BE5F0}"
EndProject
Project("{FAE04EC0-301F-11D3-BF4B-00C04F79EFBC}") = "Unity.Toolchain.Win-x86_64-Linux-x86_64", "Unity.Toolchain.Win-x86_64-Linux-x86_64.csproj", "{15A2DC98-0DD7-D1CB-E223-56F89024CBD2}"
EndProject
Project("{FAE04EC0-301F-11D3-BF4B-00C04F79EFBC}") = "Unity.VSCode.Editor", "Unity.VSCode.Editor.csproj", "{8686216D-5A47-632F-D4EB-D563B1629F7E}"
EndProject
Project("{FAE04EC0-301F-11D3-BF4B-00C04F79EFBC}") = "UnityEditor.SpatialTracking", "UnityEditor.SpatialTracking.csproj", "{14145DA1-BFF3-A00A-F0B1-45FD116962E0}"
EndProject
Project("{FAE04EC0-301F-11D3-BF4B-00C04F79EFBC}") = "Unity.Mathematics.Editor", "Unity.Mathematics.Editor.csproj", "{3CEC60F3-E3D0-65FA-517A-54E1E7990809}"
EndProject
Project("{FAE04EC0-301F-11D3-BF4B-00C04F79EFBC}") = "Unity.2D.Common.Editor", "Unity.2D.Common.Editor.csproj", "{A01CE7BB-81CF-A15B-FDF8-4E768C4F5576}"
EndProject
Project("{FAE04EC0-301F-11D3-BF4B-00C04F79EFBC}") = "UnityEditor.XR.LegacyInputHelpers", "UnityEditor.XR.LegacyInputHelpers.csproj", "{39609C58-DB35-9569-D07B-6EFC5E203890}"
EndProject
Project("{FAE04EC0-301F-11D3-BF4B-00C04F79EFBC}") = "Unity.Jobs.Editor", "Unity.Jobs.Editor.csproj", "{A11D3161-1ADA-0B4F-2696-B9042DE0F8FD}"
EndProject
Project("{FAE04EC0-301F-11D3-BF4B-00C04F79EFBC}") = "Unity.InternalAPIEditorBridge.001", "Unity.InternalAPIEditorBridge.001.csproj", "{09F153A0-AB62-9A65-6C80-1BAEC69ADC57}"
EndProject
Project("{FAE04EC0-301F-11D3-BF4B-00C04F79EFBC}") = "Unity.ShaderGraph.Utilities", "Unity.ShaderGraph.Utilities.csproj", "{F8DE004B-E4A6-5251-0CFB-DD331105EF11}"
EndProject
Project("{FAE04EC0-301F-11D3-BF4B-00C04F79EFBC}") = "Unity.Sysroot.Linux_x86_64", "Unity.Sysroot.Linux_x86_64.csproj", "{72C38F21-869D-6346-6EF3-810C9CF79CFC}"
EndProject
Project("{FAE04EC0-301F-11D3-BF4B-00C04F79EFBC}") = "Analytics", "Analytics.csproj", "{96828C93-889E-1412-C601-DFE6E3E784E7}"
EndProject
Project("{FAE04EC0-301F-11D3-BF4B-00C04F79EFBC}") = "Assembly-CSharp-Editor", "Assembly-CSharp-Editor.csproj", "{5E88531B-CCBA-D903-07BB-77609F1C87DC}"
EndProject
Global
	GlobalSection(SolutionConfigurationPlatforms) = preSolution
		Debug|Any CPU = Debug|Any CPU
		Release|Any CPU = Release|Any CPU
	EndGlobalSection
	GlobalSection(ProjectConfigurationPlatforms) = postSolution
		{9E334670-562D-2370-7368-1036A6963DAD}.Debug|Any CPU.ActiveCfg = Debug|Any CPU
		{9E334670-562D-2370-7368-1036A6963DAD}.Debug|Any CPU.Build.0 = Debug|Any CPU
		{9E334670-562D-2370-7368-1036A6963DAD}.Release|Any CPU.ActiveCfg = Release|Any CPU
		{9E334670-562D-2370-7368-1036A6963DAD}.Release|Any CPU.Build.0 = Release|Any CPU
		{3005F583-486D-5974-8047-1150242016AE}.Debug|Any CPU.ActiveCfg = Debug|Any CPU
		{3005F583-486D-5974-8047-1150242016AE}.Debug|Any CPU.Build.0 = Debug|Any CPU
		{3005F583-486D-5974-8047-1150242016AE}.Release|Any CPU.ActiveCfg = Release|Any CPU
		{3005F583-486D-5974-8047-1150242016AE}.Release|Any CPU.Build.0 = Release|Any CPU
		{77BA05F8-6ED3-2306-B10F-F7DBC8AE19A3}.Debug|Any CPU.ActiveCfg = Debug|Any CPU
		{77BA05F8-6ED3-2306-B10F-F7DBC8AE19A3}.Debug|Any CPU.Build.0 = Debug|Any CPU
		{77BA05F8-6ED3-2306-B10F-F7DBC8AE19A3}.Release|Any CPU.ActiveCfg = Release|Any CPU
		{77BA05F8-6ED3-2306-B10F-F7DBC8AE19A3}.Release|Any CPU.Build.0 = Release|Any CPU
		{397228D5-3437-96ED-D9EF-17265FF1D1E3}.Debug|Any CPU.ActiveCfg = Debug|Any CPU
		{397228D5-3437-96ED-D9EF-17265FF1D1E3}.Debug|Any CPU.Build.0 = Debug|Any CPU
		{397228D5-3437-96ED-D9EF-17265FF1D1E3}.Release|Any CPU.ActiveCfg = Release|Any CPU
		{397228D5-3437-96ED-D9EF-17265FF1D1E3}.Release|Any CPU.Build.0 = Release|Any CPU
		{BAF087B6-DC95-6A9D-77B7-DCF60A858A0C}.Debug|Any CPU.ActiveCfg = Debug|Any CPU
		{BAF087B6-DC95-6A9D-77B7-DCF60A858A0C}.Debug|Any CPU.Build.0 = Debug|Any CPU
		{BAF087B6-DC95-6A9D-77B7-DCF60A858A0C}.Release|Any CPU.ActiveCfg = Release|Any CPU
		{BAF087B6-DC95-6A9D-77B7-DCF60A858A0C}.Release|Any CPU.Build.0 = Release|Any CPU
		{235DDC00-B5C2-6F30-280D-D6C22E53ABB5}.Debug|Any CPU.ActiveCfg = Debug|Any CPU
		{235DDC00-B5C2-6F30-280D-D6C22E53ABB5}.Debug|Any CPU.Build.0 = Debug|Any CPU
		{235DDC00-B5C2-6F30-280D-D6C22E53ABB5}.Release|Any CPU.ActiveCfg = Release|Any CPU
		{235DDC00-B5C2-6F30-280D-D6C22E53ABB5}.Release|Any CPU.Build.0 = Release|Any CPU
		{35A3936B-5EFF-91A6-C98F-8352A9FF5CFA}.Debug|Any CPU.ActiveCfg = Debug|Any CPU
		{35A3936B-5EFF-91A6-C98F-8352A9FF5CFA}.Debug|Any CPU.Build.0 = Debug|Any CPU
		{35A3936B-5EFF-91A6-C98F-8352A9FF5CFA}.Release|Any CPU.ActiveCfg = Release|Any CPU
		{35A3936B-5EFF-91A6-C98F-8352A9FF5CFA}.Release|Any CPU.Build.0 = Release|Any CPU
		{965764E7-F810-92BA-58DA-E58E4818704C}.Debug|Any CPU.ActiveCfg = Debug|Any CPU
		{965764E7-F810-92BA-58DA-E58E4818704C}.Debug|Any CPU.Build.0 = Debug|Any CPU
		{965764E7-F810-92BA-58DA-E58E4818704C}.Release|Any CPU.ActiveCfg = Release|Any CPU
		{965764E7-F810-92BA-58DA-E58E4818704C}.Release|Any CPU.Build.0 = Release|Any CPU
		{B92DEA6C-B496-17AD-BD15-5DBE649DC236}.Debug|Any CPU.ActiveCfg = Debug|Any CPU
		{B92DEA6C-B496-17AD-BD15-5DBE649DC236}.Debug|Any CPU.Build.0 = Debug|Any CPU
		{B92DEA6C-B496-17AD-BD15-5DBE649DC236}.Release|Any CPU.ActiveCfg = Release|Any CPU
		{B92DEA6C-B496-17AD-BD15-5DBE649DC236}.Release|Any CPU.Build.0 = Release|Any CPU
		{AE18B394-6BA5-48CD-B6D5-F394C36C7178}.Debug|Any CPU.ActiveCfg = Debug|Any CPU
		{AE18B394-6BA5-48CD-B6D5-F394C36C7178}.Debug|Any CPU.Build.0 = Debug|Any CPU
		{AE18B394-6BA5-48CD-B6D5-F394C36C7178}.Release|Any CPU.ActiveCfg = Release|Any CPU
		{AE18B394-6BA5-48CD-B6D5-F394C36C7178}.Release|Any CPU.Build.0 = Release|Any CPU
		{3D46AC88-AA1F-20C0-F3BC-CB5C8356B467}.Debug|Any CPU.ActiveCfg = Debug|Any CPU
		{3D46AC88-AA1F-20C0-F3BC-CB5C8356B467}.Debug|Any CPU.Build.0 = Debug|Any CPU
		{3D46AC88-AA1F-20C0-F3BC-CB5C8356B467}.Release|Any CPU.ActiveCfg = Release|Any CPU
		{3D46AC88-AA1F-20C0-F3BC-CB5C8356B467}.Release|Any CPU.Build.0 = Release|Any CPU
		{14B994C3-F304-6589-6403-10A88EA527BB}.Debug|Any CPU.ActiveCfg = Debug|Any CPU
		{14B994C3-F304-6589-6403-10A88EA527BB}.Debug|Any CPU.Build.0 = Debug|Any CPU
		{14B994C3-F304-6589-6403-10A88EA527BB}.Release|Any CPU.ActiveCfg = Release|Any CPU
		{14B994C3-F304-6589-6403-10A88EA527BB}.Release|Any CPU.Build.0 = Release|Any CPU
		{F35C2511-D84C-F536-8459-25D9653DA255}.Debug|Any CPU.ActiveCfg = Debug|Any CPU
		{F35C2511-D84C-F536-8459-25D9653DA255}.Debug|Any CPU.Build.0 = Debug|Any CPU
		{F35C2511-D84C-F536-8459-25D9653DA255}.Release|Any CPU.ActiveCfg = Release|Any CPU
		{F35C2511-D84C-F536-8459-25D9653DA255}.Release|Any CPU.Build.0 = Release|Any CPU
		{FCF16812-F619-048A-7FD8-F30565106813}.Debug|Any CPU.ActiveCfg = Debug|Any CPU
		{FCF16812-F619-048A-7FD8-F30565106813}.Debug|Any CPU.Build.0 = Debug|Any CPU
		{FCF16812-F619-048A-7FD8-F30565106813}.Release|Any CPU.ActiveCfg = Release|Any CPU
		{FCF16812-F619-048A-7FD8-F30565106813}.Release|Any CPU.Build.0 = Release|Any CPU
		{B0B0E922-367A-7A40-4A57-36F142A6E64B}.Debug|Any CPU.ActiveCfg = Debug|Any CPU
		{B0B0E922-367A-7A40-4A57-36F142A6E64B}.Debug|Any CPU.Build.0 = Debug|Any CPU
		{B0B0E922-367A-7A40-4A57-36F142A6E64B}.Release|Any CPU.ActiveCfg = Release|Any CPU
		{B0B0E922-367A-7A40-4A57-36F142A6E64B}.Release|Any CPU.Build.0 = Release|Any CPU
		{54B6A482-32C7-133A-DA97-41387207E569}.Debug|Any CPU.ActiveCfg = Debug|Any CPU
		{54B6A482-32C7-133A-DA97-41387207E569}.Debug|Any CPU.Build.0 = Debug|Any CPU
		{54B6A482-32C7-133A-DA97-41387207E569}.Release|Any CPU.ActiveCfg = Release|Any CPU
		{54B6A482-32C7-133A-DA97-41387207E569}.Release|Any CPU.Build.0 = Release|Any CPU
		{91C05646-9B86-E287-C089-0DCDDD96323F}.Debug|Any CPU.ActiveCfg = Debug|Any CPU
		{91C05646-9B86-E287-C089-0DCDDD96323F}.Debug|Any CPU.Build.0 = Debug|Any CPU
		{91C05646-9B86-E287-C089-0DCDDD96323F}.Release|Any CPU.ActiveCfg = Release|Any CPU
		{91C05646-9B86-E287-C089-0DCDDD96323F}.Release|Any CPU.Build.0 = Release|Any CPU
		{0446665E-5A5D-13AE-B5DE-090B97E51D54}.Debug|Any CPU.ActiveCfg = Debug|Any CPU
		{0446665E-5A5D-13AE-B5DE-090B97E51D54}.Debug|Any CPU.Build.0 = Debug|Any CPU
		{0446665E-5A5D-13AE-B5DE-090B97E51D54}.Release|Any CPU.ActiveCfg = Release|Any CPU
		{0446665E-5A5D-13AE-B5DE-090B97E51D54}.Release|Any CPU.Build.0 = Release|Any CPU
		{80C016B0-315A-CEFC-1E27-818A379246EA}.Debug|Any CPU.ActiveCfg = Debug|Any CPU
		{80C016B0-315A-CEFC-1E27-818A379246EA}.Debug|Any CPU.Build.0 = Debug|Any CPU
		{80C016B0-315A-CEFC-1E27-818A379246EA}.Release|Any CPU.ActiveCfg = Release|Any CPU
		{80C016B0-315A-CEFC-1E27-818A379246EA}.Release|Any CPU.Build.0 = Release|Any CPU
		{6F4E6FA9-8491-499C-50C1-3D74E1301FF7}.Debug|Any CPU.ActiveCfg = Debug|Any CPU
		{6F4E6FA9-8491-499C-50C1-3D74E1301FF7}.Debug|Any CPU.Build.0 = Debug|Any CPU
		{6F4E6FA9-8491-499C-50C1-3D74E1301FF7}.Release|Any CPU.ActiveCfg = Release|Any CPU
		{6F4E6FA9-8491-499C-50C1-3D74E1301FF7}.Release|Any CPU.Build.0 = Release|Any CPU
		{7045DCE5-CA4B-8E3A-7D02-AF0B0BF9D9CB}.Debug|Any CPU.ActiveCfg = Debug|Any CPU
		{7045DCE5-CA4B-8E3A-7D02-AF0B0BF9D9CB}.Debug|Any CPU.Build.0 = Debug|Any CPU
		{7045DCE5-CA4B-8E3A-7D02-AF0B0BF9D9CB}.Release|Any CPU.ActiveCfg = Release|Any CPU
		{7045DCE5-CA4B-8E3A-7D02-AF0B0BF9D9CB}.Release|Any CPU.Build.0 = Release|Any CPU
		{29E1957A-708C-0FC7-CCCE-BCB21EF74870}.Debug|Any CPU.ActiveCfg = Debug|Any CPU
		{29E1957A-708C-0FC7-CCCE-BCB21EF74870}.Debug|Any CPU.Build.0 = Debug|Any CPU
		{29E1957A-708C-0FC7-CCCE-BCB21EF74870}.Release|Any CPU.ActiveCfg = Release|Any CPU
		{29E1957A-708C-0FC7-CCCE-BCB21EF74870}.Release|Any CPU.Build.0 = Release|Any CPU
		{FB7875A4-FE0F-3E89-4375-60C24881F169}.Debug|Any CPU.ActiveCfg = Debug|Any CPU
		{FB7875A4-FE0F-3E89-4375-60C24881F169}.Debug|Any CPU.Build.0 = Debug|Any CPU
		{FB7875A4-FE0F-3E89-4375-60C24881F169}.Release|Any CPU.ActiveCfg = Release|Any CPU
		{FB7875A4-FE0F-3E89-4375-60C24881F169}.Release|Any CPU.Build.0 = Release|Any CPU
		{F97B0D69-AACC-0349-B744-529D728DFCB7}.Debug|Any CPU.ActiveCfg = Debug|Any CPU
		{F97B0D69-AACC-0349-B744-529D728DFCB7}.Debug|Any CPU.Build.0 = Debug|Any CPU
		{F97B0D69-AACC-0349-B744-529D728DFCB7}.Release|Any CPU.ActiveCfg = Release|Any CPU
		{F97B0D69-AACC-0349-B744-529D728DFCB7}.Release|Any CPU.Build.0 = Release|Any CPU
		{0C91B596-6171-66CC-C02C-19DAEB489728}.Debug|Any CPU.ActiveCfg = Debug|Any CPU
		{0C91B596-6171-66CC-C02C-19DAEB489728}.Debug|Any CPU.Build.0 = Debug|Any CPU
		{0C91B596-6171-66CC-C02C-19DAEB489728}.Release|Any CPU.ActiveCfg = Release|Any CPU
		{0C91B596-6171-66CC-C02C-19DAEB489728}.Release|Any CPU.Build.0 = Release|Any CPU
		{AE8FE33D-42E9-F540-928B-05E105F27751}.Debug|Any CPU.ActiveCfg = Debug|Any CPU
		{AE8FE33D-42E9-F540-928B-05E105F27751}.Debug|Any CPU.Build.0 = Debug|Any CPU
		{AE8FE33D-42E9-F540-928B-05E105F27751}.Release|Any CPU.ActiveCfg = Release|Any CPU
		{AE8FE33D-42E9-F540-928B-05E105F27751}.Release|Any CPU.Build.0 = Release|Any CPU
		{390CAADE-603D-2566-E677-4019A5B3CE41}.Debug|Any CPU.ActiveCfg = Debug|Any CPU
		{390CAADE-603D-2566-E677-4019A5B3CE41}.Debug|Any CPU.Build.0 = Debug|Any CPU
		{390CAADE-603D-2566-E677-4019A5B3CE41}.Release|Any CPU.ActiveCfg = Release|Any CPU
		{390CAADE-603D-2566-E677-4019A5B3CE41}.Release|Any CPU.Build.0 = Release|Any CPU
		{F8356E8D-C82A-69E3-D701-0C89C86E3D41}.Debug|Any CPU.ActiveCfg = Debug|Any CPU
		{F8356E8D-C82A-69E3-D701-0C89C86E3D41}.Debug|Any CPU.Build.0 = Debug|Any CPU
		{F8356E8D-C82A-69E3-D701-0C89C86E3D41}.Release|Any CPU.ActiveCfg = Release|Any CPU
		{F8356E8D-C82A-69E3-D701-0C89C86E3D41}.Release|Any CPU.Build.0 = Release|Any CPU
		{4DADADCD-F5A5-5CEF-604E-A0AFA7790E0E}.Debug|Any CPU.ActiveCfg = Debug|Any CPU
		{4DADADCD-F5A5-5CEF-604E-A0AFA7790E0E}.Debug|Any CPU.Build.0 = Debug|Any CPU
		{4DADADCD-F5A5-5CEF-604E-A0AFA7790E0E}.Release|Any CPU.ActiveCfg = Release|Any CPU
		{4DADADCD-F5A5-5CEF-604E-A0AFA7790E0E}.Release|Any CPU.Build.0 = Release|Any CPU
		{A383A829-8F6B-9446-1F86-A1C2CF0B6253}.Debug|Any CPU.ActiveCfg = Debug|Any CPU
		{A383A829-8F6B-9446-1F86-A1C2CF0B6253}.Debug|Any CPU.Build.0 = Debug|Any CPU
		{A383A829-8F6B-9446-1F86-A1C2CF0B6253}.Release|Any CPU.ActiveCfg = Release|Any CPU
		{A383A829-8F6B-9446-1F86-A1C2CF0B6253}.Release|Any CPU.Build.0 = Release|Any CPU
		{39AEA5F3-7E35-A607-5186-D3A04D5802BF}.Debug|Any CPU.ActiveCfg = Debug|Any CPU
		{39AEA5F3-7E35-A607-5186-D3A04D5802BF}.Debug|Any CPU.Build.0 = Debug|Any CPU
		{39AEA5F3-7E35-A607-5186-D3A04D5802BF}.Release|Any CPU.ActiveCfg = Release|Any CPU
		{39AEA5F3-7E35-A607-5186-D3A04D5802BF}.Release|Any CPU.Build.0 = Release|Any CPU
		{8A8D6CCA-2935-B328-BFAF-F31B53F52BAA}.Debug|Any CPU.ActiveCfg = Debug|Any CPU
		{8A8D6CCA-2935-B328-BFAF-F31B53F52BAA}.Debug|Any CPU.Build.0 = Debug|Any CPU
		{8A8D6CCA-2935-B328-BFAF-F31B53F52BAA}.Release|Any CPU.ActiveCfg = Release|Any CPU
		{8A8D6CCA-2935-B328-BFAF-F31B53F52BAA}.Release|Any CPU.Build.0 = Release|Any CPU
		{B0CEE542-55C8-B62D-13BE-8A7FAAD6CDFA}.Debug|Any CPU.ActiveCfg = Debug|Any CPU
		{B0CEE542-55C8-B62D-13BE-8A7FAAD6CDFA}.Debug|Any CPU.Build.0 = Debug|Any CPU
		{B0CEE542-55C8-B62D-13BE-8A7FAAD6CDFA}.Release|Any CPU.ActiveCfg = Release|Any CPU
		{B0CEE542-55C8-B62D-13BE-8A7FAAD6CDFA}.Release|Any CPU.Build.0 = Release|Any CPU
		{0B0CBBA1-1B5B-3900-4368-C08D3B326B08}.Debug|Any CPU.ActiveCfg = Debug|Any CPU
		{0B0CBBA1-1B5B-3900-4368-C08D3B326B08}.Debug|Any CPU.Build.0 = Debug|Any CPU
		{0B0CBBA1-1B5B-3900-4368-C08D3B326B08}.Release|Any CPU.ActiveCfg = Release|Any CPU
		{0B0CBBA1-1B5B-3900-4368-C08D3B326B08}.Release|Any CPU.Build.0 = Release|Any CPU
		{5695DCA2-273A-263D-752F-832F9A332423}.Debug|Any CPU.ActiveCfg = Debug|Any CPU
		{5695DCA2-273A-263D-752F-832F9A332423}.Debug|Any CPU.Build.0 = Debug|Any CPU
		{5695DCA2-273A-263D-752F-832F9A332423}.Release|Any CPU.ActiveCfg = Release|Any CPU
		{5695DCA2-273A-263D-752F-832F9A332423}.Release|Any CPU.Build.0 = Release|Any CPU
		{6791EF63-0C13-2E9C-58AC-381B984EC384}.Debug|Any CPU.ActiveCfg = Debug|Any CPU
		{6791EF63-0C13-2E9C-58AC-381B984EC384}.Debug|Any CPU.Build.0 = Debug|Any CPU
		{6791EF63-0C13-2E9C-58AC-381B984EC384}.Release|Any CPU.ActiveCfg = Release|Any CPU
		{6791EF63-0C13-2E9C-58AC-381B984EC384}.Release|Any CPU.Build.0 = Release|Any CPU
		{C8FF4CEE-9923-69DF-3EBF-B61A1E00DD75}.Debug|Any CPU.ActiveCfg = Debug|Any CPU
		{C8FF4CEE-9923-69DF-3EBF-B61A1E00DD75}.Debug|Any CPU.Build.0 = Debug|Any CPU
		{C8FF4CEE-9923-69DF-3EBF-B61A1E00DD75}.Release|Any CPU.ActiveCfg = Release|Any CPU
		{C8FF4CEE-9923-69DF-3EBF-B61A1E00DD75}.Release|Any CPU.Build.0 = Release|Any CPU
		{769A03BD-E0EB-BB15-519C-6239BC931D92}.Debug|Any CPU.ActiveCfg = Debug|Any CPU
		{769A03BD-E0EB-BB15-519C-6239BC931D92}.Debug|Any CPU.Build.0 = Debug|Any CPU
		{769A03BD-E0EB-BB15-519C-6239BC931D92}.Release|Any CPU.ActiveCfg = Release|Any CPU
		{769A03BD-E0EB-BB15-519C-6239BC931D92}.Release|Any CPU.Build.0 = Release|Any CPU
		{D57BDDB7-0768-4BAA-42F8-EE6DF2EF6FDD}.Debug|Any CPU.ActiveCfg = Debug|Any CPU
		{D57BDDB7-0768-4BAA-42F8-EE6DF2EF6FDD}.Debug|Any CPU.Build.0 = Debug|Any CPU
		{D57BDDB7-0768-4BAA-42F8-EE6DF2EF6FDD}.Release|Any CPU.ActiveCfg = Release|Any CPU
		{D57BDDB7-0768-4BAA-42F8-EE6DF2EF6FDD}.Release|Any CPU.Build.0 = Release|Any CPU
		{6D185D0D-363F-61FC-FD01-C07CC5CDA431}.Debug|Any CPU.ActiveCfg = Debug|Any CPU
		{6D185D0D-363F-61FC-FD01-C07CC5CDA431}.Debug|Any CPU.Build.0 = Debug|Any CPU
		{6D185D0D-363F-61FC-FD01-C07CC5CDA431}.Release|Any CPU.ActiveCfg = Release|Any CPU
		{6D185D0D-363F-61FC-FD01-C07CC5CDA431}.Release|Any CPU.Build.0 = Release|Any CPU
		{647EC84C-600D-ED86-C66A-F6911A21DC11}.Debug|Any CPU.ActiveCfg = Debug|Any CPU
		{647EC84C-600D-ED86-C66A-F6911A21DC11}.Debug|Any CPU.Build.0 = Debug|Any CPU
		{647EC84C-600D-ED86-C66A-F6911A21DC11}.Release|Any CPU.ActiveCfg = Release|Any CPU
		{647EC84C-600D-ED86-C66A-F6911A21DC11}.Release|Any CPU.Build.0 = Release|Any CPU
		{3D4BE64C-9946-1837-0EBE-65CC8DF4BB86}.Debug|Any CPU.ActiveCfg = Debug|Any CPU
		{3D4BE64C-9946-1837-0EBE-65CC8DF4BB86}.Debug|Any CPU.Build.0 = Debug|Any CPU
		{3D4BE64C-9946-1837-0EBE-65CC8DF4BB86}.Release|Any CPU.ActiveCfg = Release|Any CPU
		{3D4BE64C-9946-1837-0EBE-65CC8DF4BB86}.Release|Any CPU.Build.0 = Release|Any CPU
		{0DDAEFAF-D581-4E53-0370-2E6E6B746995}.Debug|Any CPU.ActiveCfg = Debug|Any CPU
		{0DDAEFAF-D581-4E53-0370-2E6E6B746995}.Debug|Any CPU.Build.0 = Debug|Any CPU
		{0DDAEFAF-D581-4E53-0370-2E6E6B746995}.Release|Any CPU.ActiveCfg = Release|Any CPU
		{0DDAEFAF-D581-4E53-0370-2E6E6B746995}.Release|Any CPU.Build.0 = Release|Any CPU
		{FD7FF6A1-7C0A-41CF-B839-83FEDA4BE5F0}.Debug|Any CPU.ActiveCfg = Debug|Any CPU
		{FD7FF6A1-7C0A-41CF-B839-83FEDA4BE5F0}.Debug|Any CPU.Build.0 = Debug|Any CPU
		{FD7FF6A1-7C0A-41CF-B839-83FEDA4BE5F0}.Release|Any CPU.ActiveCfg = Release|Any CPU
		{FD7FF6A1-7C0A-41CF-B839-83FEDA4BE5F0}.Release|Any CPU.Build.0 = Release|Any CPU
		{15A2DC98-0DD7-D1CB-E223-56F89024CBD2}.Debug|Any CPU.ActiveCfg = Debug|Any CPU
		{15A2DC98-0DD7-D1CB-E223-56F89024CBD2}.Debug|Any CPU.Build.0 = Debug|Any CPU
		{15A2DC98-0DD7-D1CB-E223-56F89024CBD2}.Release|Any CPU.ActiveCfg = Release|Any CPU
		{15A2DC98-0DD7-D1CB-E223-56F89024CBD2}.Release|Any CPU.Build.0 = Release|Any CPU
		{8686216D-5A47-632F-D4EB-D563B1629F7E}.Debug|Any CPU.ActiveCfg = Debug|Any CPU
		{8686216D-5A47-632F-D4EB-D563B1629F7E}.Debug|Any CPU.Build.0 = Debug|Any CPU
		{8686216D-5A47-632F-D4EB-D563B1629F7E}.Release|Any CPU.ActiveCfg = Release|Any CPU
		{8686216D-5A47-632F-D4EB-D563B1629F7E}.Release|Any CPU.Build.0 = Release|Any CPU
		{14145DA1-BFF3-A00A-F0B1-45FD116962E0}.Debug|Any CPU.ActiveCfg = Debug|Any CPU
		{14145DA1-BFF3-A00A-F0B1-45FD116962E0}.Debug|Any CPU.Build.0 = Debug|Any CPU
		{14145DA1-BFF3-A00A-F0B1-45FD116962E0}.Release|Any CPU.ActiveCfg = Release|Any CPU
		{14145DA1-BFF3-A00A-F0B1-45FD116962E0}.Release|Any CPU.Build.0 = Release|Any CPU
		{3CEC60F3-E3D0-65FA-517A-54E1E7990809}.Debug|Any CPU.ActiveCfg = Debug|Any CPU
		{3CEC60F3-E3D0-65FA-517A-54E1E7990809}.Debug|Any CPU.Build.0 = Debug|Any CPU
		{3CEC60F3-E3D0-65FA-517A-54E1E7990809}.Release|Any CPU.ActiveCfg = Release|Any CPU
		{3CEC60F3-E3D0-65FA-517A-54E1E7990809}.Release|Any CPU.Build.0 = Release|Any CPU
		{A01CE7BB-81CF-A15B-FDF8-4E768C4F5576}.Debug|Any CPU.ActiveCfg = Debug|Any CPU
		{A01CE7BB-81CF-A15B-FDF8-4E768C4F5576}.Debug|Any CPU.Build.0 = Debug|Any CPU
		{A01CE7BB-81CF-A15B-FDF8-4E768C4F5576}.Release|Any CPU.ActiveCfg = Release|Any CPU
		{A01CE7BB-81CF-A15B-FDF8-4E768C4F5576}.Release|Any CPU.Build.0 = Release|Any CPU
		{39609C58-DB35-9569-D07B-6EFC5E203890}.Debug|Any CPU.ActiveCfg = Debug|Any CPU
		{39609C58-DB35-9569-D07B-6EFC5E203890}.Debug|Any CPU.Build.0 = Debug|Any CPU
		{39609C58-DB35-9569-D07B-6EFC5E203890}.Release|Any CPU.ActiveCfg = Release|Any CPU
		{39609C58-DB35-9569-D07B-6EFC5E203890}.Release|Any CPU.Build.0 = Release|Any CPU
		{A11D3161-1ADA-0B4F-2696-B9042DE0F8FD}.Debug|Any CPU.ActiveCfg = Debug|Any CPU
		{A11D3161-1ADA-0B4F-2696-B9042DE0F8FD}.Debug|Any CPU.Build.0 = Debug|Any CPU
		{A11D3161-1ADA-0B4F-2696-B9042DE0F8FD}.Release|Any CPU.ActiveCfg = Release|Any CPU
		{A11D3161-1ADA-0B4F-2696-B9042DE0F8FD}.Release|Any CPU.Build.0 = Release|Any CPU
		{09F153A0-AB62-9A65-6C80-1BAEC69ADC57}.Debug|Any CPU.ActiveCfg = Debug|Any CPU
		{09F153A0-AB62-9A65-6C80-1BAEC69ADC57}.Debug|Any CPU.Build.0 = Debug|Any CPU
		{09F153A0-AB62-9A65-6C80-1BAEC69ADC57}.Release|Any CPU.ActiveCfg = Release|Any CPU
		{09F153A0-AB62-9A65-6C80-1BAEC69ADC57}.Release|Any CPU.Build.0 = Release|Any CPU
		{F8DE004B-E4A6-5251-0CFB-DD331105EF11}.Debug|Any CPU.ActiveCfg = Debug|Any CPU
		{F8DE004B-E4A6-5251-0CFB-DD331105EF11}.Debug|Any CPU.Build.0 = Debug|Any CPU
		{F8DE004B-E4A6-5251-0CFB-DD331105EF11}.Release|Any CPU.ActiveCfg = Release|Any CPU
		{F8DE004B-E4A6-5251-0CFB-DD331105EF11}.Release|Any CPU.Build.0 = Release|Any CPU
		{72C38F21-869D-6346-6EF3-810C9CF79CFC}.Debug|Any CPU.ActiveCfg = Debug|Any CPU
		{72C38F21-869D-6346-6EF3-810C9CF79CFC}.Debug|Any CPU.Build.0 = Debug|Any CPU
		{72C38F21-869D-6346-6EF3-810C9CF79CFC}.Release|Any CPU.ActiveCfg = Release|Any CPU
		{72C38F21-869D-6346-6EF3-810C9CF79CFC}.Release|Any CPU.Build.0 = Release|Any CPU
		{96828C93-889E-1412-C601-DFE6E3E784E7}.Debug|Any CPU.ActiveCfg = Debug|Any CPU
		{96828C93-889E-1412-C601-DFE6E3E784E7}.Debug|Any CPU.Build.0 = Debug|Any CPU
		{96828C93-889E-1412-C601-DFE6E3E784E7}.Release|Any CPU.ActiveCfg = Release|Any CPU
		{96828C93-889E-1412-C601-DFE6E3E784E7}.Release|Any CPU.Build.0 = Release|Any CPU
		{5E88531B-CCBA-D903-07BB-77609F1C87DC}.Debug|Any CPU.ActiveCfg = Debug|Any CPU
		{5E88531B-CCBA-D903-07BB-77609F1C87DC}.Debug|Any CPU.Build.0 = Debug|Any CPU
		{5E88531B-CCBA-D903-07BB-77609F1C87DC}.Release|Any CPU.ActiveCfg = Release|Any CPU
		{5E88531B-CCBA-D903-07BB-77609F1C87DC}.Release|Any CPU.Build.0 = Release|Any CPU
	EndGlobalSection
	GlobalSection(SolutionProperties) = preSolution
		HideSolutionNode = FALSE
	EndGlobalSection
EndGlobal
